
Microsoft Visual Studio Solution File, Format Version 12.00
# Visual Studio Version 17
VisualStudioVersion = 17.1.32328.378
MinimumVisualStudioVersion = 10.0.40219.1
Project("{FAE04EC0-301F-11D3-BF4B-00C04F79EFBC}") = "toDoListAPI", "toDoListAPI\toDoListAPI.csproj", "{A6AD6928-30F6-40F3-B3DA-FCF9F1148C06}"
EndProject
Global
	GlobalSection(SolutionConfigurationPlatforms) = preSolution
		Debug|Any CPU = Debug|Any CPU
		Release|Any CPU = Release|Any CPU
	EndGlobalSection
	GlobalSection(ProjectConfigurationPlatforms) = postSolution
		{A6AD6928-30F6-40F3-B3DA-FCF9F1148C06}.Debug|Any CPU.ActiveCfg = Debug|Any CPU
		{A6AD6928-30F6-40F3-B3DA-FCF9F1148C06}.Debug|Any CPU.Build.0 = Debug|Any CPU
		{A6AD6928-30F6-40F3-B3DA-FCF9F1148C06}.Release|Any CPU.ActiveCfg = Release|Any CPU
		{A6AD6928-30F6-40F3-B3DA-FCF9F1148C06}.Release|Any CPU.Build.0 = Release|Any CPU
	EndGlobalSection
	GlobalSection(SolutionProperties) = preSolution
		HideSolutionNode = FALSE
	EndGlobalSection
	GlobalSection(ExtensibilityGlobals) = postSolution
		SolutionGuid = {05203EF7-5776-4617-B79C-7549609FED88}
	EndGlobalSection
EndGlobal
